
Microsoft Visual Studio Solution File, Format Version 12.00
# Visual Studio Version 16
VisualStudioVersion = 16.0.30413.136
MinimumVisualStudioVersion = 10.0.40219.1
Project("{FAE04EC0-301F-11D3-BF4B-00C04F79EFBC}") = "Lab5- CS", "Lab5- CS\Lab5- CS.csproj", "{60EF2CE4-236E-4DBD-9A08-757B1731674D}"
EndProject
Global
	GlobalSection(SolutionConfigurationPlatforms) = preSolution
		Debug|Any CPU = Debug|Any CPU
		Release|Any CPU = Release|Any CPU
	EndGlobalSection
	GlobalSection(ProjectConfigurationPlatforms) = postSolution
		{60EF2CE4-236E-4DBD-9A08-757B1731674D}.Debug|Any CPU.ActiveCfg = Debug|Any CPU
		{60EF2CE4-236E-4DBD-9A08-757B1731674D}.Debug|Any CPU.Build.0 = Debug|Any CPU
		{60EF2CE4-236E-4DBD-9A08-757B1731674D}.Release|Any CPU.ActiveCfg = Release|Any CPU
		{60EF2CE4-236E-4DBD-9A08-757B1731674D}.Release|Any CPU.Build.0 = Release|Any CPU
	EndGlobalSection
	GlobalSection(SolutionProperties) = preSolution
		HideSolutionNode = FALSE
	EndGlobalSection
	GlobalSection(ExtensibilityGlobals) = postSolution
		SolutionGuid = {61C749D4-EFAC-4DDB-AA03-05216FC6952A}
	EndGlobalSection
EndGlobal
